version = 1
revision = 2
requires-python = ">=3.12.1"

[[package]]
name = "asgiref"
version = "3.9.1"
source = { registry = "https://pypi.org/simple" }
sdist = { url = "https://files.pythonhosted.org/packages/90/61/0aa957eec22ff70b830b22ff91f825e70e1ef732c06666a805730f28b36b/asgiref-3.9.1.tar.gz", hash = "sha256:a5ab6582236218e5ef1648f242fd9f10626cfd4de8dc377db215d5d5098e3142", size = 36870, upload-time = "2025-07-08T09:07:43.344Z" }
wheels = [
    { url = "https://files.pythonhosted.org/packages/7c/3c/0464dcada90d5da0e71018c04a140ad6349558afb30b3051b4264cc5b965/asgiref-3.9.1-py3-none-any.whl", hash = "sha256:f3bba7092a48005b5f5bacd747d36ee4a5a61f4a269a6df590b43144355ebd2c", size = 23790, upload-time = "2025-07-08T09:07:41.548Z" },
]

[[package]]
name = "book-club"
version = "0.1.0"
source = { virtual = "." }
dependencies = [
    { name = "django" },
    { name = "djangorestframework" },
    { name = "dotenv" },
    { name = "gunicorn" },
    { name = "markdown" },
]

[package.metadata]
requires-dist = [
    { name = "django", specifier = ">=5.2.4" },
    { name = "djangorestframework", specifier = ">=3.16.0" },
    { name = "dotenv", specifier = ">=0.9.9" },
    { name = "gunicorn", specifier = ">=23.0.0" },
    { name = "markdown", specifier = ">=3.8.2" },
]

[[package]]
name = "django"
version = "5.2.4"
source = { registry = "https://pypi.org/simple" }
dependencies = [
    { name = "asgiref" },
    { name = "sqlparse" },
    { name = "tzdata", marker = "sys_platform == 'win32'" },
]
sdist = { url = "https://files.pythonhosted.org/packages/9c/7e/034f0f9fb10c029a02daaf44d364d6bf2eced8c73f0d38c69da359d26b01/django-5.2.4.tar.gz", hash = "sha256:a1228c384f8fa13eebc015196db7b3e08722c5058d4758d20cb287503a540d8f", size = 10831909, upload-time = "2025-07-02T18:47:39.19Z" }
wheels = [
    { url = "https://files.pythonhosted.org/packages/14/ae/706965237a672434c8b520e89a818e8b047af94e9beb342d0bee405c26c7/django-5.2.4-py3-none-any.whl", hash = "sha256:60c35bd96201b10c6e7a78121bd0da51084733efa303cc19ead021ab179cef5e", size = 8302187, upload-time = "2025-07-02T18:47:35.373Z" },
]

[[package]]
name = "djangorestframework"
version = "3.16.0"
source = { registry = "https://pypi.org/simple" }
dependencies = [
    { name = "django" },
]
sdist = { url = "https://files.pythonhosted.org/packages/7d/97/112c5a72e6917949b6d8a18ad6c6e72c46da4290c8f36ee5f1c1dcbc9901/djangorestframework-3.16.0.tar.gz", hash = "sha256:f022ff46613584de994c0c6a4aebbace5fd700555fbe9d33b865ebf173eba6c9", size = 1068408, upload-time = "2025-03-28T14:18:42.065Z" }
wheels = [
    { url = "https://files.pythonhosted.org/packages/eb/3e/2448e93f4f87fc9a9f35e73e3c05669e0edd0c2526834686e949bb1fd303/djangorestframework-3.16.0-py3-none-any.whl", hash = "sha256:bea7e9f6b96a8584c5224bfb2e4348dfb3f8b5e34edbecb98da258e892089361", size = 1067305, upload-time = "2025-03-28T14:18:39.489Z" },
]

[[package]]
name = "dotenv"
version = "0.9.9"
source = { registry = "https://pypi.org/simple" }
dependencies = [
    { name = "python-dotenv" },
]
wheels = [
    { url = "https://files.pythonhosted.org/packages/b2/b7/545d2c10c1fc15e48653c91efde329a790f2eecfbbf2bd16003b5db2bab0/dotenv-0.9.9-py2.py3-none-any.whl", hash = "sha256:29cf74a087b31dafdb5a446b6d7e11cbce8ed2741540e2339c69fbef92c94ce9", size = 1892, upload-time = "2025-02-19T22:15:01.647Z" },
]

[[package]]
name = "gunicorn"
version = "23.0.0"
source = { registry = "https://pypi.org/simple" }
dependencies = [
    { name = "packaging" },
]
sdist = { url = "https://files.pythonhosted.org/packages/34/72/9614c465dc206155d93eff0ca20d42e1e35afc533971379482de953521a4/gunicorn-23.0.0.tar.gz", hash = "sha256:f014447a0101dc57e294f6c18ca6b40227a4c90e9bdb586042628030cba004ec", size = 375031, upload-time = "2024-08-10T20:25:27.378Z" }
wheels = [
    { url = "https://files.pythonhosted.org/packages/cb/7d/6dac2a6e1eba33ee43f318edbed4ff29151a49b5d37f080aad1e6469bca4/gunicorn-23.0.0-py3-none-any.whl", hash = "sha256:ec400d38950de4dfd418cff8328b2c8faed0edb0d517d3394e457c317908ca4d", size = 85029, upload-time = "2024-08-10T20:25:24.996Z" },
]

[[package]]
name = "markdown"
version = "3.8.2"
source = { registry = "https://pypi.org/simple" }
sdist = { url = "https://files.pythonhosted.org/packages/d7/c2/4ab49206c17f75cb08d6311171f2d65798988db4360c4d1485bd0eedd67c/markdown-3.8.2.tar.gz", hash = "sha256:247b9a70dd12e27f67431ce62523e675b866d254f900c4fe75ce3dda62237c45", size = 362071, upload-time = "2025-06-19T17:12:44.483Z" }
wheels = [
    { url = "https://files.pythonhosted.org/packages/96/2b/34cc11786bc00d0f04d0f5fdc3a2b1ae0b6239eef72d3d345805f9ad92a1/markdown-3.8.2-py3-none-any.whl", hash = "sha256:5c83764dbd4e00bdd94d85a19b8d55ccca20fe35b2e678a1422b380324dd5f24", size = 106827, upload-time = "2025-06-19T17:12:42.994Z" },
]

[[package]]
name = "packaging"
version = "25.0"
source = { registry = "https://pypi.org/simple" }
sdist = { url = "https://files.pythonhosted.org/packages/a1/d4/1fc4078c65507b51b96ca8f8c3ba19e6a61c8253c72794544580a7b6c24d/packaging-25.0.tar.gz", hash = "sha256:d443872c98d677bf60f6a1f2f8c1cb748e8fe762d2bf9d3148b5599295b0fc4f", size = 165727, upload-time = "2025-04-19T11:48:59.673Z" }
wheels = [
    { url = "https://files.pythonhosted.org/packages/20/12/38679034af332785aac8774540895e234f4d07f7545804097de4b666afd8/packaging-25.0-py3-none-any.whl", hash = "sha256:29572ef2b1f17581046b3a2227d5c611fb25ec70ca1ba8554b24b0e69331a484", size = 66469, upload-time = "2025-04-19T11:48:57.875Z" },
]

[[package]]
name = "python-dotenv"
version = "1.1.1"
source = { registry = "https://pypi.org/simple" }
sdist = { url = "https://files.pythonhosted.org/packages/f6/b0/4bc07ccd3572a2f9df7e6782f52b0c6c90dcbb803ac4a167702d7d0dfe1e/python_dotenv-1.1.1.tar.gz", hash = "sha256:a8a6399716257f45be6a007360200409fce5cda2661e3dec71d23dc15f6189ab", size = 41978, upload-time = "2025-06-24T04:21:07.341Z" }
wheels = [
    { url = "https://files.pythonhosted.org/packages/5f/ed/539768cf28c661b5b068d66d96a2f155c4971a5d55684a514c1a0e0dec2f/python_dotenv-1.1.1-py3-none-any.whl", hash = "sha256:31f23644fe2602f88ff55e1f5c79ba497e01224ee7737937930c448e4d0e24dc", size = 20556, upload-time = "2025-06-24T04:21:06.073Z" },
]

[[package]]
name = "sqlparse"
version = "0.5.3"
source = { registry = "https://pypi.org/simple" }
sdist = { url = "https://files.pythonhosted.org/packages/e5/40/edede8dd6977b0d3da179a342c198ed100dd2aba4be081861ee5911e4da4/sqlparse-0.5.3.tar.gz", hash = "sha256:09f67787f56a0b16ecdbde1bfc7f5d9c3371ca683cfeaa8e6ff60b4807ec9272", size = 84999, upload-time = "2024-12-10T12:05:30.728Z" }
wheels = [
    { url = "https://files.pythonhosted.org/packages/a9/5c/bfd6bd0bf979426d405cc6e71eceb8701b148b16c21d2dc3c261efc61c7b/sqlparse-0.5.3-py3-none-any.whl", hash = "sha256:cf2196ed3418f3ba5de6af7e82c694a9fbdbfecccdfc72e281548517081f16ca", size = 44415, upload-time = "2024-12-10T12:05:27.824Z" },
]

[[package]]
name = "tzdata"
version = "2025.2"
source = { registry = "https://pypi.org/simple" }
sdist = { url = "https://files.pythonhosted.org/packages/95/32/1a225d6164441be760d75c2c42e2780dc0873fe382da3e98a2e1e48361e5/tzdata-2025.2.tar.gz", hash = "sha256:b60a638fcc0daffadf82fe0f57e53d06bdec2f36c4df66280ae79bce6bd6f2b9", size = 196380, upload-time = "2025-03-23T13:54:43.652Z" }
wheels = [
    { url = "https://files.pythonhosted.org/packages/5c/23/c7abc0ca0a1526a0774eca151daeb8de62ec457e77262b66b359c3c7679e/tzdata-2025.2-py2.py3-none-any.whl", hash = "sha256:1a403fada01ff9221ca8044d701868fa132215d84beb92242d9acd2147f667a8", size = 347839, upload-time = "2025-03-23T13:54:41.845Z" },
]
